
Microsoft Visual Studio Solution File, Format Version 12.00
# Visual Studio Version 16
VisualStudioVersion = 16.0.30011.22
MinimumVisualStudioVersion = 10.0.40219.1
Project("{9A19103F-16F7-4668-BE54-9A1E7A4F7556}") = "MyWebServer.App", "MyWebServer.App\MyWebServer.App.csproj", "{A30C1104-A433-4F51-961E-2E0A3A13E3BF}"
EndProject
Project("{9A19103F-16F7-4668-BE54-9A1E7A4F7556}") = "MyWebServer", "MyWebServer\MyWebServer.csproj", "{F8D781DD-0868-4251-9467-2A1C37C936A4}"
EndProject
Global
	GlobalSection(SolutionConfigurationPlatforms) = preSolution
		Debug|Any CPU = Debug|Any CPU
		Release|Any CPU = Release|Any CPU
	EndGlobalSection
	GlobalSection(ProjectConfigurationPlatforms) = postSolution
		{A30C1104-A433-4F51-961E-2E0A3A13E3BF}.Debug|Any CPU.ActiveCfg = Debug|Any CPU
		{A30C1104-A433-4F51-961E-2E0A3A13E3BF}.Debug|Any CPU.Build.0 = Debug|Any CPU
		{A30C1104-A433-4F51-961E-2E0A3A13E3BF}.Release|Any CPU.ActiveCfg = Release|Any CPU
		{A30C1104-A433-4F51-961E-2E0A3A13E3BF}.Release|Any CPU.Build.0 = Release|Any CPU
		{F8D781DD-0868-4251-9467-2A1C37C936A4}.Debug|Any CPU.ActiveCfg = Debug|Any CPU
		{F8D781DD-0868-4251-9467-2A1C37C936A4}.Debug|Any CPU.Build.0 = Debug|Any CPU
		{F8D781DD-0868-4251-9467-2A1C37C936A4}.Release|Any CPU.ActiveCfg = Release|Any CPU
		{F8D781DD-0868-4251-9467-2A1C37C936A4}.Release|Any CPU.Build.0 = Release|Any CPU
	EndGlobalSection
	GlobalSection(SolutionProperties) = preSolution
		HideSolutionNode = FALSE
	EndGlobalSection
	GlobalSection(ExtensibilityGlobals) = postSolution
		SolutionGuid = {AAF707EF-EB96-4881-B53D-BC17D98F5101}
	EndGlobalSection
EndGlobal
