
Microsoft Visual Studio Solution File, Format Version 12.00
# Visual Studio Version 16
VisualStudioVersion = 16.0.30011.22
MinimumVisualStudioVersion = 10.0.40219.1
Project("{9A19103F-16F7-4668-BE54-9A1E7A4F7556}") = "ADONET", "ADONET.csproj", "{5263DB7C-648F-4A87-9A0B-A7CE5960B7B3}"
EndProject
Global
	GlobalSection(SolutionConfigurationPlatforms) = preSolution
		Debug|Any CPU = Debug|Any CPU
		Release|Any CPU = Release|Any CPU
	EndGlobalSection
	GlobalSection(ProjectConfigurationPlatforms) = postSolution
		{5263DB7C-648F-4A87-9A0B-A7CE5960B7B3}.Debug|Any CPU.ActiveCfg = Debug|Any CPU
		{5263DB7C-648F-4A87-9A0B-A7CE5960B7B3}.Debug|Any CPU.Build.0 = Debug|Any CPU
		{5263DB7C-648F-4A87-9A0B-A7CE5960B7B3}.Release|Any CPU.ActiveCfg = Release|Any CPU
		{5263DB7C-648F-4A87-9A0B-A7CE5960B7B3}.Release|Any CPU.Build.0 = Release|Any CPU
	EndGlobalSection
	GlobalSection(SolutionProperties) = preSolution
		HideSolutionNode = FALSE
	EndGlobalSection
	GlobalSection(ExtensibilityGlobals) = postSolution
		SolutionGuid = {4F68BE43-62D5-46E4-98D9-DD127717678A}
	EndGlobalSection
EndGlobal
